# THIS IS AN AUTOGENERATED FILE. DO NOT EDIT THIS FILE DIRECTLY.
# yarn lockfile v1


csstype@^3.1.3:
  version "3.2.3"
  resolved "https://registry.yarnpkg.com/csstype/-/csstype-3.2.3.tgz#ec48c0f3e993e50648c86da559e2610995cf989a"
  integrity sha512-z1HGKcYy2xA8AGQfwrn0PAy+PB7X/GSj3UVJW9qKyn43xWa+gl5nXmU4qqLMRzWVLFC8KusUX8T/0kCiOYpAIQ==

goober@^2.1.16:
  version "2.1.18"
  resolved "https://registry.yarnpkg.com/goober/-/goober-2.1.18.tgz#b72d669bd24d552d441638eee26dfd5716ea6442"
  integrity sha512-2vFqsaDVIT9Gz7N6kAL++pLpp41l3PfDuusHcjnGLfR6+huZkl6ziX+zgVC3ZxpqWhzH6pyDdGrCeDhMIvwaxw==

react-hot-toast@^2.6.0:
  version "2.6.0"
  resolved "https://registry.yarnpkg.com/react-hot-toast/-/react-hot-toast-2.6.0.tgz#4ada6ed3c75c5e42a90d562f55665ff37ee1442b"
  integrity sha512-bH+2EBMZ4sdyou/DPrfgIouFpcRLCJ+HoCA32UoAYHn6T3Ur5yfcDCeSr5mwldl6pFOsiocmrXMuoCJ1vV8bWg==
  dependencies:
    csstype "^3.1.3"
    goober "^2.1.16"
